Microsoft Visual Studio Solution File, Format Version 12.00
# Visual Studio Version 17
VisualStudioVersion = 17.5.2.0
MinimumVisualStudioVersion = 10.0.40219.1
Project("{FAE04EC0-301F-11D3-BF4B-00C04F79EFBC}") = "SignalRWebSocketServer", "SignalRWebSocketServer.csproj", "{B6942A34-E169-A4BE-BF1E-6A3C13C181C1}"
EndProject
Global
	GlobalSection(SolutionConfigurationPlatforms) = preSolution
		Debug|Any CPU = Debug|Any CPU
		Release|Any CPU = Release|Any CPU
	EndGlobalSection
	GlobalSection(ProjectConfigurationPlatforms) = postSolution
		{B6942A34-E169-A4BE-BF1E-6A3C13C181C1}.Debug|Any CPU.ActiveCfg = Debug|Any CPU
		{B6942A34-E169-A4BE-BF1E-6A3C13C181C1}.Debug|Any CPU.Build.0 = Debug|Any CPU
		{B6942A34-E169-A4BE-BF1E-6A3C13C181C1}.Release|Any CPU.ActiveCfg = Release|Any CPU
		{B6942A34-E169-A4BE-BF1E-6A3C13C181C1}.Release|Any CPU.Build.0 = Release|Any CPU
	EndGlobalSection
	GlobalSection(SolutionProperties) = preSolution
		HideSolutionNode = FALSE
	EndGlobalSection
	GlobalSection(ExtensibilityGlobals) = postSolution
		SolutionGuid = {82D27C06-67BA-47B5-88E9-4F4DD61BD1D5}
	EndGlobalSection
EndGlobal
